<?xml version="1.0" encoding="utf-8"?>
<Project ToolsVersion="4.0" xmlns="http://schemas.microsoft.com/developer/msbuild/2003">
  <ItemGroup>
    <Filter Include="Source Files">
      <UniqueIdentifier>{4FC737F1-C7A5-4376-A066-2A32D752A2FF}</UniqueIdentifier>
      <Extensions>cpp;c;cc;cxx;c++;cppm;ixx;def;odl;idl;hpj;bat;asm;asmx</Extensions>
    </Filter>
    <Filter Include="Header Files">
      <UniqueIdentifier>{93995380-89BD-4b04-88EB-625FBE52EBFB}</UniqueIdentifier>
      <Extensions>h;hh;hpp;hxx;h++;hm;inl;inc;ipp;xsd</Extensions>
    </Filter>
    <Filter Include="Resource Files">
      <UniqueIdentifier>{67DA6AB6-F800-4c08-8B7A-83BB121AAD01}</UniqueIdentifier>
      <Extensions>rc;ico;cur;bmp;dlg;rc2;rct;bin;rgs;gif;jpg;jpeg;jpe;resx;tiff;tif;png;wav;mfcribbon-ms</Extensions>
    </Filter>
  </ItemGroup>
  <ItemGroup>
    <ClCompile Include="Main.cpp">
      <Filter>Source Files</Filter>
    </ClCompile>
    <ClCompile Include="User.cpp">
      <Filter>Resource Files</Filter>
    </ClCompile>
    <ClCompile Include="Client.cpp">
      <Filter>Resource Files</Filter>
    </ClCompile>
    <ClCompile Include="ClientI.cpp">
      <Filter>Resource Files</Filter>
    </ClCompile>
    <ClCompile Include="Staff.cpp">
      <Filter>Resource Files</Filter>
    </ClCompile>
    <ClCompile Include="Admin.cpp">
      <Filter>Resource Files</Filter>
    </ClCompile>
    <ClCompile Include="Salesman.cpp">
      <Filter>Resource Files</Filter>
    </ClCompile>
    <ClCompile Include="QMS.cpp">
      <Filter>Resource Files</Filter>
    </ClCompile>
    <ClCompile Include="DataPersistenceByFile.cpp">
      <Filter>Resource Files</Filter>
    </ClCompile>
    <ClCompile Include="DataPersistence.cpp">
      <Filter>Resource Files</Filter>
    </ClCompile>
    <ClCompile Include="BigAnimal.cpp">
      <Filter>Resource Files</Filter>
    </ClCompile>
    <ClCompile Include="Delievered.cpp">
      <Filter>Resource Files</Filter>
    </ClCompile>
    <ClCompile Include="DistributedToPoor.cpp">
      <Filter>Resource Files</Filter>
    </ClCompile>
    <ClCompile Include="FullyBooked.cpp">
      <Filter>Resource Files</Filter>
    </ClCompile>
    <ClCompile Include="PatiallyBooked.cpp">
      <Filter>Resource Files</Filter>
    </ClCompile>
    <ClCompile Include="SlaughterDetails.cpp">
      <Filter>Resource Files</Filter>
    </ClCompile>
    <ClCompile Include="Slaughtered.cpp">
      <Filter>Resource Files</Filter>
    </ClCompile>
    <ClCompile Include="SmallAnimal.cpp">
      <Filter>Resource Files</Filter>
    </ClCompile>
    <ClCompile Include="Time.cpp">
      <Filter>Resource Files</Filter>
    </ClCompile>
    <ClCompile Include="Unbooked.cpp">
      <Filter>Resource Files</Filter>
    </ClCompile>
    <ClCompile Include="Animal.cpp">
      <Filter>Resource Files</Filter>
    </ClCompile>
    <ClCompile Include="Share.cpp">
      <Filter>Resource Files</Filter>
    </ClCompile>
    <ClCompile Include="Booked.cpp">
      <Filter>Resource Files</Filter>
    </ClCompile>
  </ItemGroup>
  <ItemGroup>
    <ClInclude Include="User.h">
      <Filter>Header Files</Filter>
    </ClInclude>
    <ClInclude Include="Client.h">
      <Filter>Header Files</Filter>
    </ClInclude>
    <ClInclude Include="ClientI.h">
      <Filter>Header Files</Filter>
    </ClInclude>
    <ClInclude Include="Staff.h">
      <Filter>Header Files</Filter>
    </ClInclude>
    <ClInclude Include="StaffMemberType.h">
      <Filter>Header Files</Filter>
    </ClInclude>
    <ClInclude Include="Admin.h">
      <Filter>Header Files</Filter>
    </ClInclude>
    <ClInclude Include="Salesman.h">
      <Filter>Header Files</Filter>
    </ClInclude>
    <ClInclude Include="QMS.h">
      <Filter>Header Files</Filter>
    </ClInclude>
    <ClInclude Include="DataPersistence.h">
      <Filter>Header Files</Filter>
    </ClInclude>
    <ClInclude Include="DataPersistenceByFile.h">
      <Filter>Header Files</Filter>
    </ClInclude>
    <ClInclude Include="Animal.h">
      <Filter>Header Files</Filter>
    </ClInclude>
    <ClInclude Include="AnimalStatus.h">
      <Filter>Header Files</Filter>
    </ClInclude>
    <ClInclude Include="BigAnimal.h">
      <Filter>Header Files</Filter>
    </ClInclude>
    <ClInclude Include="Delievered.h">
      <Filter>Header Files</Filter>
    </ClInclude>
    <ClInclude Include="DistributedToPoor.h">
      <Filter>Header Files</Filter>
    </ClInclude>
    <ClInclude Include="FullyBooked.h">
      <Filter>Header Files</Filter>
    </ClInclude>
    <ClInclude Include="PartiallyBooked.h">
      <Filter>Header Files</Filter>
    </ClInclude>
    <ClInclude Include="Time.h">
      <Filter>Header Files</Filter>
    </ClInclude>
    <ClInclude Include="Unbooked.h">
      <Filter>Header Files</Filter>
    </ClInclude>
    <ClInclude Include="SmallAnimal.h">
      <Filter>Header Files</Filter>
    </ClInclude>
    <ClInclude Include="SlaughterDetails.h">
      <Filter>Header Files</Filter>
    </ClInclude>
    <ClInclude Include="Slaughtered.h">
      <Filter>Header Files</Filter>
    </ClInclude>
    <ClInclude Include="Share.h">
      <Filter>Header Files</Filter>
    </ClInclude>
    <ClInclude Include="Booked.h">
      <Filter>Header Files</Filter>
    </ClInclude>
  </ItemGroup>
</Project>